
Microsoft Visual Studio Solution File, Format Version 12.00
# Visual Studio 15
VisualStudioVersion = 15.0.27004.2006
MinimumVisualStudioVersion = 10.0.40219.1
Project("{9A19103F-16F7-4668-BE54-9A1E7A4F7556}") = "AspNetCoreToDo", "AspNetCoreToDo.csproj", "{FC00B766-8357-4490-A8EA-3CE5D2E648F9}"
EndProject
Global
	GlobalSection(SolutionConfigurationPlatforms) = preSolution
		Debug|Any CPU = Debug|Any CPU
		Release|Any CPU = Release|Any CPU
	EndGlobalSection
	GlobalSection(ProjectConfigurationPlatforms) = postSolution
		{FC00B766-8357-4490-A8EA-3CE5D2E648F9}.Debug|Any CPU.ActiveCfg = Debug|Any CPU
		{FC00B766-8357-4490-A8EA-3CE5D2E648F9}.Debug|Any CPU.Build.0 = Debug|Any CPU
		{FC00B766-8357-4490-A8EA-3CE5D2E648F9}.Release|Any CPU.ActiveCfg = Release|Any CPU
		{FC00B766-8357-4490-A8EA-3CE5D2E648F9}.Release|Any CPU.Build.0 = Release|Any CPU
	EndGlobalSection
	GlobalSection(SolutionProperties) = preSolution
		HideSolutionNode = FALSE
	EndGlobalSection
	GlobalSection(ExtensibilityGlobals) = postSolution
		SolutionGuid = {A4292032-E446-4E1B-8D2F-6180DBB040AA}
	EndGlobalSection
EndGlobal
